
Microsoft Visual Studio Solution File, Format Version 11.00
# Visual Studio 2010
Project("{2150E333-8FDC-42A3-9474-1A3956D46DE8}") = "Source", "Source", "{595D1EEC-F088-485C-AC88-727C3AD4817C}"
EndProject
Project("{FAE04EC0-301F-11D3-BF4B-00C04F79EFBC}") = "Chip8.Net", "src\Chip8.Net\Chip8.Net.csproj", "{08A2D10B-FBC4-4CAD-B937-512A1D33A9EE}"
EndProject
Project("{2150E333-8FDC-42A3-9474-1A3956D46DE8}") = "Tests", "Tests", "{D92ADD4D-D8DB-4647-B331-10ED19105761}"
EndProject
Project("{FAE04EC0-301F-11D3-BF4B-00C04F79EFBC}") = "Chip8.Net.Test", "tests\Chip8.Net.Test\Chip8.Net.Test.csproj", "{41ADE00B-DA19-41FE-8789-AEF1A898EFD2}"
EndProject
Global
	GlobalSection(SolutionConfigurationPlatforms) = preSolution
		Debug|x86 = Debug|x86
		Release|x86 = Release|x86
	EndGlobalSection
	GlobalSection(ProjectConfigurationPlatforms) = postSolution
		{062BA3B4-18FF-4059-9ECC-E14EBBBE6FF4}.Debug|x86.ActiveCfg = Debug|x86
		{062BA3B4-18FF-4059-9ECC-E14EBBBE6FF4}.Debug|x86.Build.0 = Debug|x86
		{062BA3B4-18FF-4059-9ECC-E14EBBBE6FF4}.Release|x86.ActiveCfg = Release|x86
		{062BA3B4-18FF-4059-9ECC-E14EBBBE6FF4}.Release|x86.Build.0 = Release|x86
	EndGlobalSection
	GlobalSection(MonoDevelopProperties) = preSolution
		StartupItem = src\Chip8.Net\Chip8.Net.csproj
	EndGlobalSection
EndGlobal
